
Microsoft Visual Studio Solution File, Format Version 12.00
# Visual Studio 2013
VisualStudioVersion = 12.0.30723.0
MinimumVisualStudioVersion = 10.0.40219.1
Project("{8BC9CEB8-8B4A-11D0-8D11-00A0C91BC942}") = "ConsoleApplication1", "ConsoleApplication1\ConsoleApplication1.vcxproj", "{17B83E50-F5C2-4F20-8EBF-4644EC5934C3}"
EndProject
Project("{8BC9CEB8-8B4A-11D0-8D11-00A0C91BC942}") = "ConsoleApplication2", "..\ConsoleApplication2\ConsoleApplication2.vcxproj", "{E249E1EA-ADEE-433D-903C-A41DA5DD561B}"
EndProject
Global
	GlobalSection(SolutionConfigurationPlatforms) = preSolution
		Debug|Win32 = Debug|Win32
		Release|Win32 = Release|Win32
	EndGlobalSection
	GlobalSection(ProjectConfigurationPlatforms) = postSolution
		{17B83E50-F5C2-4F20-8EBF-4644EC5934C3}.Debug|Win32.ActiveCfg = Debug|Win32
		{17B83E50-F5C2-4F20-8EBF-4644EC5934C3}.Debug|Win32.Build.0 = Debug|Win32
		{17B83E50-F5C2-4F20-8EBF-4644EC5934C3}.Release|Win32.ActiveCfg = Release|Win32
		{17B83E50-F5C2-4F20-8EBF-4644EC5934C3}.Release|Win32.Build.0 = Release|Win32
		{E249E1EA-ADEE-433D-903C-A41DA5DD561B}.Debug|Win32.ActiveCfg = Debug|Win32
		{E249E1EA-ADEE-433D-903C-A41DA5DD561B}.Debug|Win32.Build.0 = Debug|Win32
		{E249E1EA-ADEE-433D-903C-A41DA5DD561B}.Release|Win32.ActiveCfg = Release|Win32
		{E249E1EA-ADEE-433D-903C-A41DA5DD561B}.Release|Win32.Build.0 = Release|Win32
	EndGlobalSection
	GlobalSection(SolutionProperties) = preSolution
		HideSolutionNode = FALSE
	EndGlobalSection
EndGlobal
